
Microsoft Visual Studio Solution File, Format Version 12.00
# Visual Studio Version 17
VisualStudioVersion = 17.4.33213.308
MinimumVisualStudioVersion = 10.0.40219.1
Project("{FAE04EC0-301F-11D3-BF4B-00C04F79EFBC}") = "Order", "Order\Order.csproj", "{896CD65A-4D42-4101-BDF7-2A99FF687B8E}"
EndProject
Global
	GlobalSection(SolutionConfigurationPlatforms) = preSolution
		Debug|Any CPU = Debug|Any CPU
		Release|Any CPU = Release|Any CPU
	EndGlobalSection
	GlobalSection(ProjectConfigurationPlatforms) = postSolution
		{896CD65A-4D42-4101-BDF7-2A99FF687B8E}.Debug|Any CPU.ActiveCfg = Debug|Any CPU
		{896CD65A-4D42-4101-BDF7-2A99FF687B8E}.Debug|Any CPU.Build.0 = Debug|Any CPU
		{896CD65A-4D42-4101-BDF7-2A99FF687B8E}.Release|Any CPU.ActiveCfg = Release|Any CPU
		{896CD65A-4D42-4101-BDF7-2A99FF687B8E}.Release|Any CPU.Build.0 = Release|Any CPU
	EndGlobalSection
	GlobalSection(SolutionProperties) = preSolution
		HideSolutionNode = FALSE
	EndGlobalSection
	GlobalSection(ExtensibilityGlobals) = postSolution
		SolutionGuid = {DBD082E4-4E14-45EE-A6A4-25FACBBBC978}
	EndGlobalSection
EndGlobal
